
Microsoft Visual Studio Solution File, Format Version 12.00
# Visual Studio Version 17
VisualStudioVersion = 17.9.34407.89
MinimumVisualStudioVersion = 10.0.40219.1
Project("{FAE04EC0-301F-11D3-BF4B-00C04F79EFBC}") = "Nail", "Nail\Nail.csproj", "{5BDFC967-C8CB-473F-95AF-E1DE8600C35D}"
EndProject
Project("{FAE04EC0-301F-11D3-BF4B-00C04F79EFBC}") = "Nail.Data", "..\Nail.Data\Nail.Data.csproj", "{054DF78E-DCB1-4460-9015-BE249D9AD839}"
EndProject
Project("{FAE04EC0-301F-11D3-BF4B-00C04F79EFBC}") = "Nail.Services", "..\Nail.Services\Nail.Services.csproj", "{6D02762A-FE7D-4C55-B19B-8310A0AA8FB2}"
EndProject
Global
	GlobalSection(SolutionConfigurationPlatforms) = preSolution
		Debug|Any CPU = Debug|Any CPU
		Release|Any CPU = Release|Any CPU
	EndGlobalSection
	GlobalSection(ProjectConfigurationPlatforms) = postSolution
		{5BDFC967-C8CB-473F-95AF-E1DE8600C35D}.Debug|Any CPU.ActiveCfg = Debug|Any CPU
		{5BDFC967-C8CB-473F-95AF-E1DE8600C35D}.Debug|Any CPU.Build.0 = Debug|Any CPU
		{5BDFC967-C8CB-473F-95AF-E1DE8600C35D}.Release|Any CPU.ActiveCfg = Release|Any CPU
		{5BDFC967-C8CB-473F-95AF-E1DE8600C35D}.Release|Any CPU.Build.0 = Release|Any CPU
		{054DF78E-DCB1-4460-9015-BE249D9AD839}.Debug|Any CPU.ActiveCfg = Debug|Any CPU
		{054DF78E-DCB1-4460-9015-BE249D9AD839}.Debug|Any CPU.Build.0 = Debug|Any CPU
		{054DF78E-DCB1-4460-9015-BE249D9AD839}.Release|Any CPU.ActiveCfg = Release|Any CPU
		{054DF78E-DCB1-4460-9015-BE249D9AD839}.Release|Any CPU.Build.0 = Release|Any CPU
		{6D02762A-FE7D-4C55-B19B-8310A0AA8FB2}.Debug|Any CPU.ActiveCfg = Debug|Any CPU
		{6D02762A-FE7D-4C55-B19B-8310A0AA8FB2}.Debug|Any CPU.Build.0 = Debug|Any CPU
		{6D02762A-FE7D-4C55-B19B-8310A0AA8FB2}.Release|Any CPU.ActiveCfg = Release|Any CPU
		{6D02762A-FE7D-4C55-B19B-8310A0AA8FB2}.Release|Any CPU.Build.0 = Release|Any CPU
	EndGlobalSection
	GlobalSection(SolutionProperties) = preSolution
		HideSolutionNode = FALSE
	EndGlobalSection
	GlobalSection(ExtensibilityGlobals) = postSolution
		SolutionGuid = {F8918DD3-C4D4-4F31-B6BB-157C56CF4B3C}
	EndGlobalSection
EndGlobal
